
Microsoft Visual Studio Solution File, Format Version 12.00
# Visual Studio Version 17
VisualStudioVersion = 17.7.34202.233
MinimumVisualStudioVersion = 10.0.40219.1
Project("{9A19103F-16F7-4668-BE54-9A1E7A4F7556}") = "Examen3OA", "Examen3OA\Examen3OA.csproj", "{C81B92E6-4281-46DE-8E54-F8F9A7998576}"
EndProject
Project("{2150E333-8FDC-42A3-9474-1A3956D46DE8}") = "Partidos", "Partidos", "{44FA304B-AB46-451B-A593-B26DB11ECDB5}"
	ProjectSection(SolutionItems) = preProject
		..\..\..\OneDrive\Documentos\Visual Studio 2022\Examen progra2\Examen_progra2\Equipos.aspx = ..\..\..\OneDrive\Documentos\Visual Studio 2022\Examen progra2\Examen_progra2\Equipos.aspx
		..\..\..\OneDrive\Documentos\Visual Studio 2022\Examen progra2\Examen_progra2\Equipos.aspx.cs = ..\..\..\OneDrive\Documentos\Visual Studio 2022\Examen progra2\Examen_progra2\Equipos.aspx.cs
		..\..\..\OneDrive\Documentos\Visual Studio 2022\Examen progra2\Examen_progra2\Equipos.aspx.designer.cs = ..\..\..\OneDrive\Documentos\Visual Studio 2022\Examen progra2\Examen_progra2\Equipos.aspx.designer.cs
		..\..\..\OneDrive\Documentos\Visual Studio 2022\Examen progra2\Examen_progra2\Inicio.Master = ..\..\..\OneDrive\Documentos\Visual Studio 2022\Examen progra2\Examen_progra2\Inicio.Master
		..\..\..\OneDrive\Documentos\Visual Studio 2022\Examen progra2\Examen_progra2\packages.config = ..\..\..\OneDrive\Documentos\Visual Studio 2022\Examen progra2\Examen_progra2\packages.config
		..\..\..\OneDrive\Documentos\Visual Studio 2022\Examen progra2\Examen_progra2\Tecnicos.aspx = ..\..\..\OneDrive\Documentos\Visual Studio 2022\Examen progra2\Examen_progra2\Tecnicos.aspx
		..\..\..\OneDrive\Documentos\Visual Studio 2022\Examen progra2\Examen_progra2\Tecnicos.aspx.cs = ..\..\..\OneDrive\Documentos\Visual Studio 2022\Examen progra2\Examen_progra2\Tecnicos.aspx.cs
		..\..\..\OneDrive\Documentos\Visual Studio 2022\Examen progra2\Examen_progra2\Tecnicos.aspx.designer.cs = ..\..\..\OneDrive\Documentos\Visual Studio 2022\Examen progra2\Examen_progra2\Tecnicos.aspx.designer.cs
		..\..\..\OneDrive\Documentos\Visual Studio 2022\Examen progra2\Examen_progra2\Usuarios.aspx = ..\..\..\OneDrive\Documentos\Visual Studio 2022\Examen progra2\Examen_progra2\Usuarios.aspx
		..\..\..\OneDrive\Documentos\Visual Studio 2022\Examen progra2\Examen_progra2\Usuarios.aspx.cs = ..\..\..\OneDrive\Documentos\Visual Studio 2022\Examen progra2\Examen_progra2\Usuarios.aspx.cs
		..\..\..\OneDrive\Documentos\Visual Studio 2022\Examen progra2\Examen_progra2\Usuarios.aspx.designer.cs = ..\..\..\OneDrive\Documentos\Visual Studio 2022\Examen progra2\Examen_progra2\Usuarios.aspx.designer.cs
	EndProjectSection
EndProject
Project("{2150E333-8FDC-42A3-9474-1A3956D46DE8}") = "css", "css", "{E563CEE5-06EC-4AA3-95D0-A265DC044FB5}"
	ProjectSection(SolutionItems) = preProject
		..\..\..\OneDrive\Documentos\Visual Studio 2022\Examen progra2\Examen_progra2\css\main.css = ..\..\..\OneDrive\Documentos\Visual Studio 2022\Examen progra2\Examen_progra2\css\main.css
	EndProjectSection
EndProject
Project("{2150E333-8FDC-42A3-9474-1A3956D46DE8}") = "Solution Items", "Solution Items", "{2B08A8C2-FFE7-4EF2-8C3D-0027008E6DE8}"
EndProject
Global
	GlobalSection(SolutionConfigurationPlatforms) = preSolution
		Debug|Any CPU = Debug|Any CPU
		Release|Any CPU = Release|Any CPU
	EndGlobalSection
	GlobalSection(ProjectConfigurationPlatforms) = postSolution
		{C81B92E6-4281-46DE-8E54-F8F9A7998576}.Debug|Any CPU.ActiveCfg = Debug|Any CPU
		{C81B92E6-4281-46DE-8E54-F8F9A7998576}.Debug|Any CPU.Build.0 = Debug|Any CPU
		{C81B92E6-4281-46DE-8E54-F8F9A7998576}.Release|Any CPU.ActiveCfg = Release|Any CPU
		{C81B92E6-4281-46DE-8E54-F8F9A7998576}.Release|Any CPU.Build.0 = Release|Any CPU
	EndGlobalSection
	GlobalSection(SolutionProperties) = preSolution
		HideSolutionNode = FALSE
	EndGlobalSection
	GlobalSection(ExtensibilityGlobals) = postSolution
		SolutionGuid = {B48D9119-5CFC-447E-87E3-21578CE0AC5B}
	EndGlobalSection
EndGlobal
